<?xml version="1.0" encoding="utf-8"?>
<Project ToolsVersion="4.0" xmlns="http://schemas.microsoft.com/developer/msbuild/2003">
  <ItemGroup>
    <Filter Include="Source Files">
      <UniqueIdentifier>{4FC737F1-C7A5-4376-A066-2A32D752A2FF}</UniqueIdentifier>
      <Extensions>cpp;c;cc;cxx;c++;cppm;ixx;def;odl;idl;hpj;bat;asm;asmx</Extensions>
    </Filter>
    <Filter Include="Data Compression">
      <UniqueIdentifier>{cefbf0ba-57b0-44dd-9075-bfa6fa31c364}</UniqueIdentifier>
    </Filter>
    <Filter Include="Data Compression\Base">
      <UniqueIdentifier>{f3e59dfe-8f07-4109-a234-797ebd00df6b}</UniqueIdentifier>
    </Filter>
    <Filter Include="Data Compression\Concrete">
      <UniqueIdentifier>{850be184-8d39-485e-b6ff-ab3be9dc434d}</UniqueIdentifier>
    </Filter>
    <Filter Include="Data Header">
      <UniqueIdentifier>{96e43bc0-398e-4929-9cad-133b7157923c}</UniqueIdentifier>
    </Filter>
    <Filter Include="Data Compression\Concrete\Custom Format">
      <UniqueIdentifier>{5deddd65-b09b-490a-823d-0914660bb0ea}</UniqueIdentifier>
    </Filter>
    <Filter Include="Data Header\Custom Format">
      <UniqueIdentifier>{d6c13e93-b4c9-4d9f-a0a0-fe63cf8f4f88}</UniqueIdentifier>
    </Filter>
    <Filter Include="Data Header\Standard Format">
      <UniqueIdentifier>{4cb00965-6766-4e90-9e5f-a490dd797190}</UniqueIdentifier>
    </Filter>
    <Filter Include="Data Compression\Concrete\Standard Format">
      <UniqueIdentifier>{54c982ec-5fec-448b-b71d-04be2e834bd0}</UniqueIdentifier>
    </Filter>
    <Filter Include="Data Compression\Concrete\Custom Format\Dictionary Based">
      <UniqueIdentifier>{d55b4b4d-d3c7-4cbd-a767-7d9164427dee}</UniqueIdentifier>
    </Filter>
    <Filter Include="Data Compression\Concrete\Custom Format\Statistics Based">
      <UniqueIdentifier>{2c2d7953-acdc-491e-9c8d-a39e8b883e17}</UniqueIdentifier>
    </Filter>
    <Filter Include="Data Header\Custom Format\Dictionary Based">
      <UniqueIdentifier>{18645d4f-0c3c-4d32-9d75-316539e41848}</UniqueIdentifier>
    </Filter>
    <Filter Include="Data Header\Custom Format\Statistics Based">
      <UniqueIdentifier>{c852ecbe-0aae-4200-80b1-7d93f2800ae1}</UniqueIdentifier>
    </Filter>
  </ItemGroup>
  <ItemGroup>
    <ClInclude Include="BMP.h">
      <Filter>Data Compression\Base</Filter>
    </ClInclude>
    <ClInclude Include="HeaderBMP.h">
      <Filter>Data Header\Standard Format</Filter>
    </ClInclude>
    <ClInclude Include="LZ77.h">
      <Filter>Data Compression\Concrete\Custom Format\Dictionary Based</Filter>
    </ClInclude>
    <ClInclude Include="LZ78.h">
      <Filter>Data Compression\Concrete\Custom Format\Dictionary Based</Filter>
    </ClInclude>
    <ClInclude Include="LZSS.h">
      <Filter>Data Compression\Concrete\Custom Format\Dictionary Based</Filter>
    </ClInclude>
    <ClInclude Include="LZW.h">
      <Filter>Data Compression\Concrete\Custom Format\Dictionary Based</Filter>
    </ClInclude>
    <ClInclude Include="HUFF.h">
      <Filter>Data Compression\Concrete\Custom Format\Statistics Based</Filter>
    </ClInclude>
    <ClInclude Include="RLE.h">
      <Filter>Data Compression\Concrete\Custom Format\Statistics Based</Filter>
    </ClInclude>
    <ClInclude Include="HeaderLZ77.h">
      <Filter>Data Header\Custom Format\Dictionary Based</Filter>
    </ClInclude>
    <ClInclude Include="HeaderLZ78.h">
      <Filter>Data Header\Custom Format\Dictionary Based</Filter>
    </ClInclude>
    <ClInclude Include="HeaderLZSS.h">
      <Filter>Data Header\Custom Format\Dictionary Based</Filter>
    </ClInclude>
    <ClInclude Include="HeaderLZW.h">
      <Filter>Data Header\Custom Format\Dictionary Based</Filter>
    </ClInclude>
    <ClInclude Include="HeaderHUFF.h">
      <Filter>Data Header\Custom Format\Statistics Based</Filter>
    </ClInclude>
    <ClInclude Include="HeaderRLE.h">
      <Filter>Data Header\Custom Format\Statistics Based</Filter>
    </ClInclude>
    <ClInclude Include="HeaderPNG.h">
      <Filter>Data Header\Standard Format</Filter>
    </ClInclude>
    <ClInclude Include="PNG.h">
      <Filter>Data Compression\Concrete\Standard Format</Filter>
    </ClInclude>
    <ClInclude Include="WebP.h">
      <Filter>Data Compression\Concrete\Standard Format</Filter>
    </ClInclude>
    <ClInclude Include="HeaderWebP.h">
      <Filter>Data Header\Standard Format</Filter>
    </ClInclude>
  </ItemGroup>
  <ItemGroup>
    <ClCompile Include="BMP.cpp">
      <Filter>Source Files</Filter>
    </ClCompile>
    <ClCompile Include="main.cpp">
      <Filter>Source Files</Filter>
    </ClCompile>
    <ClCompile Include="RLE.cpp">
      <Filter>Source Files</Filter>
    </ClCompile>
    <ClCompile Include="HUFF.cpp">
      <Filter>Source Files</Filter>
    </ClCompile>
    <ClCompile Include="LZ77.cpp">
      <Filter>Source Files</Filter>
    </ClCompile>
    <ClCompile Include="LZ78.cpp">
      <Filter>Source Files</Filter>
    </ClCompile>
    <ClCompile Include="LZW.cpp">
      <Filter>Source Files</Filter>
    </ClCompile>
    <ClCompile Include="LZSS.cpp">
      <Filter>Source Files</Filter>
    </ClCompile>
    <ClCompile Include="PNG.cpp">
      <Filter>Source Files</Filter>
    </ClCompile>
    <ClCompile Include="WebP.cpp">
      <Filter>Source Files</Filter>
    </ClCompile>
  </ItemGroup>
</Project>